// !$*UTF8*$!
{
	archiveVersion = 1;
	classes = {
	};
	objectVersion = 46;
	objects = {

/* Begin PBXBuildFile section */
		9016ECF6169D9132007BED9D /* UIKit.framework in Frameworks */ = {isa = PBXBuildFile; fileRef = 9016ECF5169D9132007BED9D /* UIKit.framework */; };
		9016ECF8169D9132007BED9D /* Foundation.framework in Frameworks */ = {isa = PBXBuildFile; fileRef = 9016ECF7169D9132007BED9D /* Foundation.framework */; };
		9016ECFA169D9132007BED9D /* CoreGraphics.framework in Frameworks */ = {isa = PBXBuildFile; fileRef = 9016ECF9169D9132007BED9D /* CoreGraphics.framework */; };
		9016ED00169D9132007BED9D /* InfoPlist.strings in Resources */ = {isa = PBXBuildFile; fileRef = 9016ECFE169D9132007BED9D /* InfoPlist.strings */; };
		9016ED02169D9132007BED9D /* main.m in Sources */ = {isa = PBXBuildFile; fileRef = 9016ED01169D9132007BED9D /* main.m */; };
		9016ED06169D9132007BED9D /* MinesweeperAppDelegate.m in Sources */ = {isa = PBXBuildFile; fileRef = 9016ED05169D9132007BED9D /* MinesweeperAppDelegate.m */; };
		9016ED08169D9132007BED9D /* Default.png in Resources */ = {isa = PBXBuildFile; fileRef = 9016ED07169D9132007BED9D /* Default.png */; };
		9016ED0A169D9132007BED9D /* Default@2x.png in Resources */ = {isa = PBXBuildFile; fileRef = 9016ED09169D9132007BED9D /* Default@2x.png */; };
		9016ED0C169D9132007BED9D /* Default-568h@2x.png in Resources */ = {isa = PBXBuildFile; fileRef = 9016ED0B169D9132007BED9D /* Default-568h@2x.png */; };
		9016ED0F169D9132007BED9D /* MainStoryboard_iPhone.storyboard in Resources */ = {isa = PBXBuildFile; fileRef = 9016ED0D169D9132007BED9D /* MainStoryboard_iPhone.storyboard */; };
		9016ED12169D9132007BED9D /* MainStoryboard_iPad.storyboard in Resources */ = {isa = PBXBuildFile; fileRef = 9016ED10169D9132007BED9D /* MainStoryboard_iPad.storyboard */; };
		9016ED1D169D93AF007BED9D /* MinesweeperViewController.m in Sources */ = {isa = PBXBuildFile; fileRef = 9016ED1C169D93AF007BED9D /* MinesweeperViewController.m */; };
		90226B0316A5ADC2005C6BAE /* flag-icon.png in Resources */ = {isa = PBXBuildFile; fileRef = 90226AFB16A5ADC2005C6BAE /* flag-icon.png */; };
		90226B0416A5ADC2005C6BAE /* flag-icon@2x.png in Resources */ = {isa = PBXBuildFile; fileRef = 90226AFC16A5ADC2005C6BAE /* flag-icon@2x.png */; };
		90226B0516A5ADC2005C6BAE /* flag.png in Resources */ = {isa = PBXBuildFile; fileRef = 90226AFD16A5ADC2005C6BAE /* flag.png */; };
		90226B0616A5ADC2005C6BAE /* loose-icon.png in Resources */ = {isa = PBXBuildFile; fileRef = 90226AFE16A5ADC2005C6BAE /* loose-icon.png */; };
		90226B0716A5ADC2005C6BAE /* loose-icon@2x.png in Resources */ = {isa = PBXBuildFile; fileRef = 90226AFF16A5ADC2005C6BAE /* loose-icon@2x.png */; };
		90226B0816A5ADC2005C6BAE /* mine-icon.png in Resources */ = {isa = PBXBuildFile; fileRef = 90226B0016A5ADC2005C6BAE /* mine-icon.png */; };
		90226B0916A5ADC2005C6BAE /* mine-icon@2x.png in Resources */ = {isa = PBXBuildFile; fileRef = 90226B0116A5ADC2005C6BAE /* mine-icon@2x.png */; };
		90226B0C16A5ADD1005C6BAE /* empty.png in Resources */ = {isa = PBXBuildFile; fileRef = 90226B0B16A5ADD1005C6BAE /* empty.png */; };
		90226B1416A5ADE4005C6BAE /* pause-icon.png in Resources */ = {isa = PBXBuildFile; fileRef = 90226B0D16A5ADE4005C6BAE /* pause-icon.png */; };
		90226B1516A5ADE4005C6BAE /* play-icon.png in Resources */ = {isa = PBXBuildFile; fileRef = 90226B0E16A5ADE4005C6BAE /* play-icon.png */; };
		90226B1616A5ADE4005C6BAE /* Default.png in Resources */ = {isa = PBXBuildFile; fileRef = 90226B0F16A5ADE4005C6BAE /* Default.png */; };
		90226B1716A5ADE4005C6BAE /* Default@2x.png in Resources */ = {isa = PBXBuildFile; fileRef = 90226B1016A5ADE4005C6BAE /* Default@2x.png */; };
		90226B1816A5ADE4005C6BAE /* stop-icon.png in Resources */ = {isa = PBXBuildFile; fileRef = 90226B1116A5ADE4005C6BAE /* stop-icon.png */; };
		90226B1916A5ADE4005C6BAE /* win-icon.png in Resources */ = {isa = PBXBuildFile; fileRef = 90226B1216A5ADE4005C6BAE /* win-icon.png */; };
		90226B1A16A5ADE4005C6BAE /* win-icon@2x.png in Resources */ = {isa = PBXBuildFile; fileRef = 90226B1316A5ADE4005C6BAE /* win-icon@2x.png */; };
		90226B1C16A5B18F005C6BAE /* empty-auto.png in Resources */ = {isa = PBXBuildFile; fileRef = 90226B1B16A5B18F005C6BAE /* empty-auto.png */; };
		9061F0F4169FA8CB000BBE7D /* OptionsViewController.m in Sources */ = {isa = PBXBuildFile; fileRef = 9061F0F3169FA8CB000BBE7D /* OptionsViewController.m */; };
		9061F0F8169FA928000BBE7D /* ScoreRecordsListViewController.m in Sources */ = {isa = PBXBuildFile; fileRef = 9061F0F7169FA928000BBE7D /* ScoreRecordsListViewController.m */; };
		9061F0FE169FAB38000BBE7D /* GameViewController.m in Sources */ = {isa = PBXBuildFile; fileRef = 9061F0FD169FAB38000BBE7D /* GameViewController.m */; };
		9061F109169FAD34000BBE7D /* BoxAnnotation.m in Sources */ = {isa = PBXBuildFile; fileRef = 9061F103169FAD34000BBE7D /* BoxAnnotation.m */; };
		9061F10A169FAD34000BBE7D /* UIBox.m in Sources */ = {isa = PBXBuildFile; fileRef = 9061F106169FAD34000BBE7D /* UIBox.m */; };
		9061F10B169FAD34000BBE7D /* UIBoxContainer.m in Sources */ = {isa = PBXBuildFile; fileRef = 9061F108169FAD34000BBE7D /* UIBoxContainer.m */; };
		9061F10F169FAEC6000BBE7D /* GraphicTools.m in Sources */ = {isa = PBXBuildFile; fileRef = 9061F10E169FAEC6000BBE7D /* GraphicTools.m */; };
		9061F112169FB19D000BBE7D /* Global.m in Sources */ = {isa = PBXBuildFile; fileRef = 9061F111169FB19D000BBE7D /* Global.m */; };
		9061F116169FC95E000BBE7D /* GameInfoMinesweeper.m in Sources */ = {isa = PBXBuildFile; fileRef = 9061F115169FC95E000BBE7D /* GameInfoMinesweeper.m */; };
		9061F11D169FDC05000BBE7D /* pause-icon.png in Resources */ = {isa = PBXBuildFile; fileRef = 9061F11A169FDC05000BBE7D /* pause-icon.png */; };
		9061F11E169FDC05000BBE7D /* play-icon.png in Resources */ = {isa = PBXBuildFile; fileRef = 9061F11B169FDC05000BBE7D /* play-icon.png */; };
		9061F11F169FDC05000BBE7D /* stop-icon.png in Resources */ = {isa = PBXBuildFile; fileRef = 9061F11C169FDC05000BBE7D /* stop-icon.png */; };
/* End PBXBuildFile section */

/* Begin PBXFileReference section */
		9016ECF1169D9132007BED9D /* minesweeper.app */ = {isa = PBXFileReference; explicitFileType = wrapper.application; includeInIndex = 0; path = minesweeper.app; sourceTree = BUILT_PRODUCTS_DIR; };
		9016ECF5169D9132007BED9D /* UIKit.framework */ = {isa = PBXFileReference; lastKnownFileType = wrapper.framework; name = UIKit.framework; path = System/Library/Frameworks/UIKit.framework; sourceTree = SDKROOT; };
		9016ECF7169D9132007BED9D /* Foundation.framework */ = {isa = PBXFileReference; lastKnownFileType = wrapper.framework; name = Foundation.framework; path = System/Library/Frameworks/Foundation.framework; sourceTree = SDKROOT; };
		9016ECF9169D9132007BED9D /* CoreGraphics.framework */ = {isa = PBXFileReference; lastKnownFileType = wrapper.framework; name = CoreGraphics.framework; path = System/Library/Frameworks/CoreGraphics.framework; sourceTree = SDKROOT; };
		9016ECFD169D9132007BED9D /* minesweeper-Info.plist */ = {isa = PBXFileReference; lastKnownFileType = text.plist.xml; path = "minesweeper-Info.plist"; sourceTree = "<group>"; };
		9016ECFF169D9132007BED9D /* en */ = {isa = PBXFileReference; lastKnownFileType = text.plist.strings; name = en; path = en.lproj/InfoPlist.strings; sourceTree = "<group>"; };
		9016ED01169D9132007BED9D /* main.m */ = {isa = PBXFileReference; lastKnownFileType = sourcecode.c.objc; path = main.m; sourceTree = "<group>"; };
		9016ED03169D9132007BED9D /* minesweeper-Prefix.pch */ = {isa = PBXFileReference; lastKnownFileType = sourcecode.c.h; path = "minesweeper-Prefix.pch"; sourceTree = "<group>"; };
		9016ED04169D9132007BED9D /* MinesweeperAppDelegate.h */ = {isa = PBXFileReference; lastKnownFileType = sourcecode.c.h; path = MinesweeperAppDelegate.h; sourceTree = "<group>"; };
		9016ED05169D9132007BED9D /* MinesweeperAppDelegate.m */ = {isa = PBXFileReference; lastKnownFileType = sourcecode.c.objc; path = MinesweeperAppDelegate.m; sourceTree = "<group>"; };
		9016ED07169D9132007BED9D /* Default.png */ = {isa = PBXFileReference; lastKnownFileType = image.png; path = Default.png; sourceTree = "<group>"; };
		9016ED09169D9132007BED9D /* Default@2x.png */ = {isa = PBXFileReference; lastKnownFileType = image.png; path = "Default@2x.png"; sourceTree = "<group>"; };
		9016ED0B169D9132007BED9D /* Default-568h@2x.png */ = {isa = PBXFileReference; lastKnownFileType = image.png; path = "Default-568h@2x.png"; sourceTree = "<group>"; };
		9016ED0E169D9132007BED9D /* en */ = {isa = PBXFileReference; lastKnownFileType = file.storyboard; name = en; path = en.lproj/MainStoryboard_iPhone.storyboard; sourceTree = "<group>"; };
		9016ED11169D9132007BED9D /* en */ = {isa = PBXFileReference; lastKnownFileType = file.storyboard; name = en; path = en.lproj/MainStoryboard_iPad.storyboard; sourceTree = "<group>"; };
		9016ED1B169D93AF007BED9D /* MinesweeperViewController.h */ = {isa = PBXFileReference; fileEncoding = 4; lastKnownFileType = sourcecode.c.h; path = MinesweeperViewController.h; sourceTree = "<group>"; };
		9016ED1C169D93AF007BED9D /* MinesweeperViewController.m */ = {isa = PBXFileReference; fileEncoding = 4; lastKnownFileType = sourcecode.c.objc; path = MinesweeperViewController.m; sourceTree = "<group>"; };
		90226AFB16A5ADC2005C6BAE /* flag-icon.png */ = {isa = PBXFileReference; lastKnownFileType = image.png; path = "flag-icon.png"; sourceTree = "<group>"; };
		90226AFC16A5ADC2005C6BAE /* flag-icon@2x.png */ = {isa = PBXFileReference; lastKnownFileType = image.png; path = "flag-icon@2x.png"; sourceTree = "<group>"; };
		90226AFD16A5ADC2005C6BAE /* flag.png */ = {isa = PBXFileReference; lastKnownFileType = image.png; path = flag.png; sourceTree = "<group>"; };
		90226AFE16A5ADC2005C6BAE /* loose-icon.png */ = {isa = PBXFileReference; lastKnownFileType = image.png; path = "loose-icon.png"; sourceTree = "<group>"; };
		90226AFF16A5ADC2005C6BAE /* loose-icon@2x.png */ = {isa = PBXFileReference; lastKnownFileType = image.png; path = "loose-icon@2x.png"; sourceTree = "<group>"; };
		90226B0016A5ADC2005C6BAE /* mine-icon.png */ = {isa = PBXFileReference; lastKnownFileType = image.png; path = "mine-icon.png"; sourceTree = "<group>"; };
		90226B0116A5ADC2005C6BAE /* mine-icon@2x.png */ = {isa = PBXFileReference; lastKnownFileType = image.png; path = "mine-icon@2x.png"; sourceTree = "<group>"; };
		90226B0B16A5ADD1005C6BAE /* empty.png */ = {isa = PBXFileReference; lastKnownFileType = image.png; path = empty.png; sourceTree = "<group>"; };
		90226B0D16A5ADE4005C6BAE /* pause-icon.png */ = {isa = PBXFileReference; lastKnownFileType = image.png; path = "pause-icon.png"; sourceTree = "<group>"; };
		90226B0E16A5ADE4005C6BAE /* play-icon.png */ = {isa = PBXFileReference; lastKnownFileType = image.png; path = "play-icon.png"; sourceTree = "<group>"; };
		90226B0F16A5ADE4005C6BAE /* Default.png */ = {isa = PBXFileReference; lastKnownFileType = image.png; path = Default.png; sourceTree = "<group>"; };
		90226B1016A5ADE4005C6BAE /* Default@2x.png */ = {isa = PBXFileReference; lastKnownFileType = image.png; path = "Default@2x.png"; sourceTree = "<group>"; };
		90226B1116A5ADE4005C6BAE /* stop-icon.png */ = {isa = PBXFileReference; lastKnownFileType = image.png; path = "stop-icon.png"; sourceTree = "<group>"; };
		90226B1216A5ADE4005C6BAE /* win-icon.png */ = {isa = PBXFileReference; lastKnownFileType = image.png; path = "win-icon.png"; sourceTree = "<group>"; };
		90226B1316A5ADE4005C6BAE /* win-icon@2x.png */ = {isa = PBXFileReference; lastKnownFileType = image.png; path = "win-icon@2x.png"; sourceTree = "<group>"; };
		90226B1B16A5B18F005C6BAE /* empty-auto.png */ = {isa = PBXFileReference; lastKnownFileType = image.png; path = "empty-auto.png"; sourceTree = "<group>"; };
		9054B514169FE35E008DE154 /* GameInfoProtocol.h */ = {isa = PBXFileReference; lastKnownFileType = sourcecode.c.h; path = GameInfoProtocol.h; sourceTree = "<group>"; };
		9061F0F2169FA8CB000BBE7D /* OptionsViewController.h */ = {isa = PBXFileReference; fileEncoding = 4; lastKnownFileType = sourcecode.c.h; name = OptionsViewController.h; path = minesweeper/OptionsViewController.h; sourceTree = "<group>"; };
		9061F0F3169FA8CB000BBE7D /* OptionsViewController.m */ = {isa = PBXFileReference; fileEncoding = 4; lastKnownFileType = sourcecode.c.objc; name = OptionsViewController.m; path = minesweeper/OptionsViewController.m; sourceTree = "<group>"; };
		9061F0F6169FA928000BBE7D /* ScoreRecordsListViewController.h */ = {isa = PBXFileReference; fileEncoding = 4; lastKnownFileType = sourcecode.c.h; name = ScoreRecordsListViewController.h; path = minesweeper/ScoreRecordsListViewController.h; sourceTree = "<group>"; };
		9061F0F7169FA928000BBE7D /* ScoreRecordsListViewController.m */ = {isa = PBXFileReference; fileEncoding = 4; lastKnownFileType = sourcecode.c.objc; name = ScoreRecordsListViewController.m; path = minesweeper/ScoreRecordsListViewController.m; sourceTree = "<group>"; };
		9061F0FC169FAB38000BBE7D /* GameViewController.h */ = {isa = PBXFileReference; fileEncoding = 4; lastKnownFileType = sourcecode.c.h; name = GameViewController.h; path = minesweeper/GameViewController.h; sourceTree = "<group>"; };
		9061F0FD169FAB38000BBE7D /* GameViewController.m */ = {isa = PBXFileReference; fileEncoding = 4; lastKnownFileType = sourcecode.c.objc; name = GameViewController.m; path = minesweeper/GameViewController.m; sourceTree = "<group>"; };
		9061F102169FAD34000BBE7D /* BoxAnnotation.h */ = {isa = PBXFileReference; fileEncoding = 4; lastKnownFileType = sourcecode.c.h; path = BoxAnnotation.h; sourceTree = "<group>"; };
		9061F103169FAD34000BBE7D /* BoxAnnotation.m */ = {isa = PBXFileReference; fileEncoding = 4; lastKnownFileType = sourcecode.c.objc; path = BoxAnnotation.m; sourceTree = "<group>"; };
		9061F104169FAD34000BBE7D /* BoxProtocol.h */ = {isa = PBXFileReference; fileEncoding = 4; lastKnownFileType = sourcecode.c.h; path = BoxProtocol.h; sourceTree = "<group>"; };
		9061F105169FAD34000BBE7D /* UIBox.h */ = {isa = PBXFileReference; fileEncoding = 4; lastKnownFileType = sourcecode.c.h; path = UIBox.h; sourceTree = "<group>"; };
		9061F106169FAD34000BBE7D /* UIBox.m */ = {isa = PBXFileReference; fileEncoding = 4; lastKnownFileType = sourcecode.c.objc; path = UIBox.m; sourceTree = "<group>"; };
		9061F107169FAD34000BBE7D /* UIBoxContainer.h */ = {isa = PBXFileReference; fileEncoding = 4; lastKnownFileType = sourcecode.c.h; path = UIBoxContainer.h; sourceTree = "<group>"; };
		9061F108169FAD34000BBE7D /* UIBoxContainer.m */ = {isa = PBXFileReference; fileEncoding = 4; lastKnownFileType = sourcecode.c.objc; path = UIBoxContainer.m; sourceTree = "<group>"; };
		9061F10D169FAEC6000BBE7D /* GraphicTools.h */ = {isa = PBXFileReference; fileEncoding = 4; lastKnownFileType = sourcecode.c.h; path = GraphicTools.h; sourceTree = "<group>"; };
		9061F10E169FAEC6000BBE7D /* GraphicTools.m */ = {isa = PBXFileReference; fileEncoding = 4; lastKnownFileType = sourcecode.c.objc; path = GraphicTools.m; sourceTree = "<group>"; };
		9061F110169FB19D000BBE7D /* Global.h */ = {isa = PBXFileReference; fileEncoding = 4; lastKnownFileType = sourcecode.c.h; path = Global.h; sourceTree = "<group>"; };
		9061F111169FB19D000BBE7D /* Global.m */ = {isa = PBXFileReference; fileEncoding = 4; lastKnownFileType = sourcecode.c.objc; path = Global.m; sourceTree = "<group>"; };
		9061F114169FC95E000BBE7D /* GameInfoMinesweeper.h */ = {isa = PBXFileReference; fileEncoding = 4; lastKnownFileType = sourcecode.c.h; path = GameInfoMinesweeper.h; sourceTree = "<group>"; };
		9061F115169FC95E000BBE7D /* GameInfoMinesweeper.m */ = {isa = PBXFileReference; fileEncoding = 4; lastKnownFileType = sourcecode.c.objc; path = GameInfoMinesweeper.m; sourceTree = "<group>"; };
		9061F11A169FDC05000BBE7D /* pause-icon.png */ = {isa = PBXFileReference; lastKnownFileType = image.png; path = "pause-icon.png"; sourceTree = "<group>"; };
		9061F11B169FDC05000BBE7D /* play-icon.png */ = {isa = PBXFileReference; lastKnownFileType = image.png; path = "play-icon.png"; sourceTree = "<group>"; };
		9061F11C169FDC05000BBE7D /* stop-icon.png */ = {isa = PBXFileReference; lastKnownFileType = image.png; path = "stop-icon.png"; sourceTree = "<group>"; };
/* End PBXFileReference section */

/* Begin PBXFrameworksBuildPhase section */
		9016ECEE169D9132007BED9D /* Frameworks */ = {
			isa = PBXFrameworksBuildPhase;
			buildActionMask = 2147483647;
			files = (
				9016ECF6169D9132007BED9D /* UIKit.framework in Frameworks */,
				9016ECF8169D9132007BED9D /* Foundation.framework in Frameworks */,
				9016ECFA169D9132007BED9D /* CoreGraphics.framework in Frameworks */,
			);
			runOnlyForDeploymentPostprocessing = 0;
		};
/* End PBXFrameworksBuildPhase section */

/* Begin PBXGroup section */
		9016ECE6169D9132007BED9D = {
			isa = PBXGroup;
			children = (
				9016ECFB169D9132007BED9D /* minesweeper */,
				9016ECF4169D9132007BED9D /* Frameworks */,
				9016ECF2169D9132007BED9D /* Products */,
			);
			sourceTree = "<group>";
		};
		9016ECF2169D9132007BED9D /* Products */ = {
			isa = PBXGroup;
			children = (
				9016ECF1169D9132007BED9D /* minesweeper.app */,
			);
			name = Products;
			sourceTree = "<group>";
		};
		9016ECF4169D9132007BED9D /* Frameworks */ = {
			isa = PBXGroup;
			children = (
				9016ECF5169D9132007BED9D /* UIKit.framework */,
				9016ECF7169D9132007BED9D /* Foundation.framework */,
				9016ECF9169D9132007BED9D /* CoreGraphics.framework */,
			);
			name = Frameworks;
			sourceTree = "<group>";
		};
		9016ECFB169D9132007BED9D /* minesweeper */ = {
			isa = PBXGroup;
			children = (
				9016ED04169D9132007BED9D /* MinesweeperAppDelegate.h */,
				9016ED05169D9132007BED9D /* MinesweeperAppDelegate.m */,
				9016ED0D169D9132007BED9D /* MainStoryboard_iPhone.storyboard */,
				9016ED10169D9132007BED9D /* MainStoryboard_iPad.storyboard */,
				9061F110169FB19D000BBE7D /* Global.h */,
				9061F111169FB19D000BBE7D /* Global.m */,
				9061F119169FD5A8000BBE7D /* Assets */,
				9061F10C169FAE9C000BBE7D /* Tools */,
				9061F100169FAB74000BBE7D /* User Control */,
				9061F0F0169FA85B000BBE7D /* View Controller */,
				9016ECFC169D9132007BED9D /* Supporting Files */,
			);
			path = minesweeper;
			sourceTree = "<group>";
		};
		9016ECFC169D9132007BED9D /* Supporting Files */ = {
			isa = PBXGroup;
			children = (
				9016ECFD169D9132007BED9D /* minesweeper-Info.plist */,
				9016ECFE169D9132007BED9D /* InfoPlist.strings */,
				9016ED01169D9132007BED9D /* main.m */,
				9016ED03169D9132007BED9D /* minesweeper-Prefix.pch */,
				9016ED07169D9132007BED9D /* Default.png */,
				9016ED09169D9132007BED9D /* Default@2x.png */,
				9016ED0B169D9132007BED9D /* Default-568h@2x.png */,
			);
			name = "Supporting Files";
			sourceTree = "<group>";
		};
		90226AF916A5AD6B005C6BAE /* Main */ = {
			isa = PBXGroup;
			children = (
				90226B1F16A5B801005C6BAE /* game */,
				90226B1E16A5B7D5005C6BAE /* icon */,
				90226B1D16A5B79B005C6BAE /* Splash Screen */,
				90226B1116A5ADE4005C6BAE /* stop-icon.png */,
				90226B1216A5ADE4005C6BAE /* win-icon.png */,
				90226B1316A5ADE4005C6BAE /* win-icon@2x.png */,
			);
			name = Main;
			sourceTree = "<group>";
		};
		90226B1D16A5B79B005C6BAE /* Splash Screen */ = {
			isa = PBXGroup;
			children = (
				90226B0F16A5ADE4005C6BAE /* Default.png */,
				90226B1016A5ADE4005C6BAE /* Default@2x.png */,
			);
			name = "Splash Screen";
			sourceTree = "<group>";
		};
		90226B1E16A5B7D5005C6BAE /* icon */ = {
			isa = PBXGroup;
			children = (
				90226B0D16A5ADE4005C6BAE /* pause-icon.png */,
				90226B0E16A5ADE4005C6BAE /* play-icon.png */,
				9061F11A169FDC05000BBE7D /* pause-icon.png */,
			);
			name = icon;
			sourceTree = "<group>";
		};
		90226B1F16A5B801005C6BAE /* game */ = {
			isa = PBXGroup;
			children = (
				90226B0B16A5ADD1005C6BAE /* empty.png */,
				90226B1B16A5B18F005C6BAE /* empty-auto.png */,
				90226AFB16A5ADC2005C6BAE /* flag-icon.png */,
				90226AFC16A5ADC2005C6BAE /* flag-icon@2x.png */,
				90226AFD16A5ADC2005C6BAE /* flag.png */,
				90226AFE16A5ADC2005C6BAE /* loose-icon.png */,
				90226AFF16A5ADC2005C6BAE /* loose-icon@2x.png */,
				90226B0016A5ADC2005C6BAE /* mine-icon.png */,
				90226B0116A5ADC2005C6BAE /* mine-icon@2x.png */,
			);
			name = game;
			sourceTree = "<group>";
		};
		9061F0EF169FA851000BBE7D /* Score Records */ = {
			isa = PBXGroup;
			children = (
				9061F0F6169FA928000BBE7D /* ScoreRecordsListViewController.h */,
				9061F0F7169FA928000BBE7D /* ScoreRecordsListViewController.m */,
			);
			name = "Score Records";
			sourceTree = "<group>";
		};
		9061F0F0169FA85B000BBE7D /* View Controller */ = {
			isa = PBXGroup;
			children = (
				9061F0F1169FA878000BBE7D /* Minesweeper */,
				9061F0FF169FAB44000BBE7D /* Game */,
				9061F0EF169FA851000BBE7D /* Score Records */,
				9061F0F5169FA8D5000BBE7D /* Options */,
			);
			name = "View Controller";
			path = ..;
			sourceTree = "<group>";
		};
		9061F0F1169FA878000BBE7D /* Minesweeper */ = {
			isa = PBXGroup;
			children = (
				9016ED1B169D93AF007BED9D /* MinesweeperViewController.h */,
				9016ED1C169D93AF007BED9D /* MinesweeperViewController.m */,
			);
			name = Minesweeper;
			path = minesweeper;
			sourceTree = "<group>";
		};
		9061F0F5169FA8D5000BBE7D /* Options */ = {
			isa = PBXGroup;
			children = (
				9061F0F2169FA8CB000BBE7D /* OptionsViewController.h */,
				9061F0F3169FA8CB000BBE7D /* OptionsViewController.m */,
			);
			name = Options;
			sourceTree = "<group>";
		};
		9061F0FF169FAB44000BBE7D /* Game */ = {
			isa = PBXGroup;
			children = (
				9061F0FC169FAB38000BBE7D /* GameViewController.h */,
				9061F0FD169FAB38000BBE7D /* GameViewController.m */,
			);
			name = Game;
			sourceTree = "<group>";
		};
		9061F100169FAB74000BBE7D /* User Control */ = {
			isa = PBXGroup;
			children = (
				9061F113169FC3FB000BBE7D /* Information */,
				9061F101169FAD20000BBE7D /* Game Box */,
			);
			name = "User Control";
			sourceTree = "<group>";
		};
		9061F101169FAD20000BBE7D /* Game Box */ = {
			isa = PBXGroup;
			children = (
				9061F102169FAD34000BBE7D /* BoxAnnotation.h */,
				9061F103169FAD34000BBE7D /* BoxAnnotation.m */,
				9061F104169FAD34000BBE7D /* BoxProtocol.h */,
				9061F105169FAD34000BBE7D /* UIBox.h */,
				9061F106169FAD34000BBE7D /* UIBox.m */,
				9061F107169FAD34000BBE7D /* UIBoxContainer.h */,
				9061F108169FAD34000BBE7D /* UIBoxContainer.m */,
			);
			name = "Game Box";
			sourceTree = "<group>";
		};
		9061F10C169FAE9C000BBE7D /* Tools */ = {
			isa = PBXGroup;
			children = (
				9061F10D169FAEC6000BBE7D /* GraphicTools.h */,
				9061F10E169FAEC6000BBE7D /* GraphicTools.m */,
			);
			name = Tools;
			sourceTree = "<group>";
		};
		9061F113169FC3FB000BBE7D /* Information */ = {
			isa = PBXGroup;
			children = (
				9061F114169FC95E000BBE7D /* GameInfoMinesweeper.h */,
				9061F115169FC95E000BBE7D /* GameInfoMinesweeper.m */,
				9054B514169FE35E008DE154 /* GameInfoProtocol.h */,
			);
			name = Information;
			sourceTree = "<group>";
		};
		9061F119169FD5A8000BBE7D /* Assets */ = {
			isa = PBXGroup;
			children = (
				90226AF916A5AD6B005C6BAE /* Main */,
				9061F11B169FDC05000BBE7D /* play-icon.png */,
				9061F11C169FDC05000BBE7D /* stop-icon.png */,
			);
			name = Assets;
			sourceTree = "<group>";
		};
/* End PBXGroup section */

/* Begin PBXNativeTarget section */
		9016ECF0169D9132007BED9D /* minesweeper */ = {
			isa = PBXNativeTarget;
			buildConfigurationList = 9016ED18169D9132007BED9D /* Build configuration list for PBXNativeTarget "minesweeper" */;
			buildPhases = (
				9016ECED169D9132007BED9D /* Sources */,
				9016ECEE169D9132007BED9D /* Frameworks */,
				9016ECEF169D9132007BED9D /* Resources */,
			);
			buildRules = (
			);
			dependencies = (
			);
			name = minesweeper;
			productName = minesweeper;
			productReference = 9016ECF1169D9132007BED9D /* minesweeper.app */;
			productType = "com.apple.product-type.application";
		};
/* End PBXNativeTarget section */

/* Begin PBXProject section */
		9016ECE8169D9132007BED9D /* Project object */ = {
			isa = PBXProject;
			attributes = {
				CLASSPREFIX = Minesweeper;
				LastUpgradeCheck = 0450;
				ORGANIZATIONNAME = "Adrien Guffens";
			};
			buildConfigurationList = 9016ECEB169D9132007BED9D /* Build configuration list for PBXProject "minesweeper" */;
			compatibilityVersion = "Xcode 3.2";
			developmentRegion = English;
			hasScannedForEncodings = 0;
			knownRegions = (
				en,
			);
			mainGroup = 9016ECE6169D9132007BED9D;
			productRefGroup = 9016ECF2169D9132007BED9D /* Products */;
			projectDirPath = "";
			projectRoot = "";
			targets = (
				9016ECF0169D9132007BED9D /* minesweeper */,
			);
		};
/* End PBXProject section */

/* Begin PBXResourcesBuildPhase section */
		9016ECEF169D9132007BED9D /* Resources */ = {
			isa = PBXResourcesBuildPhase;
			buildActionMask = 2147483647;
			files = (
				9016ED00169D9132007BED9D /* InfoPlist.strings in Resources */,
				9016ED08169D9132007BED9D /* Default.png in Resources */,
				9016ED0A169D9132007BED9D /* Default@2x.png in Resources */,
				9016ED0C169D9132007BED9D /* Default-568h@2x.png in Resources */,
				9016ED0F169D9132007BED9D /* MainStoryboard_iPhone.storyboard in Resources */,
				9016ED12169D9132007BED9D /* MainStoryboard_iPad.storyboard in Resources */,
				9061F11D169FDC05000BBE7D /* pause-icon.png in Resources */,
				9061F11E169FDC05000BBE7D /* play-icon.png in Resources */,
				9061F11F169FDC05000BBE7D /* stop-icon.png in Resources */,
				90226B0316A5ADC2005C6BAE /* flag-icon.png in Resources */,
				90226B0416A5ADC2005C6BAE /* flag-icon@2x.png in Resources */,
				90226B0516A5ADC2005C6BAE /* flag.png in Resources */,
				90226B0616A5ADC2005C6BAE /* loose-icon.png in Resources */,
				90226B0716A5ADC2005C6BAE /* loose-icon@2x.png in Resources */,
				90226B0816A5ADC2005C6BAE /* mine-icon.png in Resources */,
				90226B0916A5ADC2005C6BAE /* mine-icon@2x.png in Resources */,
				90226B0C16A5ADD1005C6BAE /* empty.png in Resources */,
				90226B1416A5ADE4005C6BAE /* pause-icon.png in Resources */,
				90226B1516A5ADE4005C6BAE /* play-icon.png in Resources */,
				90226B1616A5ADE4005C6BAE /* Default.png in Resources */,
				90226B1716A5ADE4005C6BAE /* Default@2x.png in Resources */,
				90226B1816A5ADE4005C6BAE /* stop-icon.png in Resources */,
				90226B1916A5ADE4005C6BAE /* win-icon.png in Resources */,
				90226B1A16A5ADE4005C6BAE /* win-icon@2x.png in Resources */,
				90226B1C16A5B18F005C6BAE /* empty-auto.png in Resources */,
			);
			runOnlyForDeploymentPostprocessing = 0;
		};
/* End PBXResourcesBuildPhase section */

/* Begin PBXSourcesBuildPhase section */
		9016ECED169D9132007BED9D /* Sources */ = {
			isa = PBXSourcesBuildPhase;
			buildActionMask = 2147483647;
			files = (
				9016ED02169D9132007BED9D /* main.m in Sources */,
				9016ED06169D9132007BED9D /* MinesweeperAppDelegate.m in Sources */,
				9016ED1D169D93AF007BED9D /* MinesweeperViewController.m in Sources */,
				9061F0F4169FA8CB000BBE7D /* OptionsViewController.m in Sources */,
				9061F0F8169FA928000BBE7D /* ScoreRecordsListViewController.m in Sources */,
				9061F0FE169FAB38000BBE7D /* GameViewController.m in Sources */,
				9061F109169FAD34000BBE7D /* BoxAnnotation.m in Sources */,
				9061F10A169FAD34000BBE7D /* UIBox.m in Sources */,
				9061F10B169FAD34000BBE7D /* UIBoxContainer.m in Sources */,
				9061F10F169FAEC6000BBE7D /* GraphicTools.m in Sources */,
				9061F112169FB19D000BBE7D /* Global.m in Sources */,
				9061F116169FC95E000BBE7D /* GameInfoMinesweeper.m in Sources */,
			);
			runOnlyForDeploymentPostprocessing = 0;
		};
/* End PBXSourcesBuildPhase section */

/* Begin PBXVariantGroup section */
		9016ECFE169D9132007BED9D /* InfoPlist.strings */ = {
			isa = PBXVariantGroup;
			children = (
				9016ECFF169D9132007BED9D /* en */,
			);
			name = InfoPlist.strings;
			sourceTree = "<group>";
		};
		9016ED0D169D9132007BED9D /* MainStoryboard_iPhone.storyboard */ = {
			isa = PBXVariantGroup;
			children = (
				9016ED0E169D9132007BED9D /* en */,
			);
			name = MainStoryboard_iPhone.storyboard;
			sourceTree = "<group>";
		};
		9016ED10169D9132007BED9D /* MainStoryboard_iPad.storyboard */ = {
			isa = PBXVariantGroup;
			children = (
				9016ED11169D9132007BED9D /* en */,
			);
			name = MainStoryboard_iPad.storyboard;
			sourceTree = "<group>";
		};
/* End PBXVariantGroup section */

/* Begin XCBuildConfiguration section */
		9016ED16169D9132007BED9D /* Debug */ = {
			isa = XCBuildConfiguration;
			buildSettings = {
				ALWAYS_SEARCH_USER_PATHS = NO;
				CLANG_CXX_LANGUAGE_STANDARD = "gnu++0x";
				CLANG_CXX_LIBRARY = "libc++";
				CLANG_ENABLE_OBJC_ARC = YES;
				CLANG_WARN_EMPTY_BODY = YES;
				CLANG_WARN__DUPLICATE_METHOD_MATCH = YES;
				"CODE_SIGN_IDENTITY[sdk=iphoneos*]" = "iPhone Developer";
				COPY_PHASE_STRIP = NO;
				GCC_C_LANGUAGE_STANDARD = gnu99;
				GCC_DYNAMIC_NO_PIC = NO;
				GCC_OPTIMIZATION_LEVEL = 0;
				GCC_PREPROCESSOR_DEFINITIONS = (
					"DEBUG=1",
					"$(inherited)",
				);
				GCC_SYMBOLS_PRIVATE_EXTERN = NO;
				GCC_WARN_ABOUT_RETURN_TYPE = YES;
				GCC_WARN_UNINITIALIZED_AUTOS = YES;
				GCC_WARN_UNUSED_VARIABLE = YES;
				IPHONEOS_DEPLOYMENT_TARGET = 6.0;
				SDKROOT = iphoneos;
				TARGETED_DEVICE_FAMILY = "1,2";
			};
			name = Debug;
		};
		9016ED17169D9132007BED9D /* Release */ = {
			isa = XCBuildConfiguration;
			buildSettings = {
				ALWAYS_SEARCH_USER_PATHS = NO;
				CLANG_CXX_LANGUAGE_STANDARD = "gnu++0x";
				CLANG_CXX_LIBRARY = "libc++";
				CLANG_ENABLE_OBJC_ARC = YES;
				CLANG_WARN_EMPTY_BODY = YES;
				CLANG_WARN__DUPLICATE_METHOD_MATCH = YES;
				"CODE_SIGN_IDENTITY[sdk=iphoneos*]" = "iPhone Developer";
				COPY_PHASE_STRIP = YES;
				GCC_C_LANGUAGE_STANDARD = gnu99;
				GCC_WARN_ABOUT_RETURN_TYPE = YES;
				GCC_WARN_UNINITIALIZED_AUTOS = YES;
				GCC_WARN_UNUSED_VARIABLE = YES;
				IPHONEOS_DEPLOYMENT_TARGET = 6.0;
				OTHER_CFLAGS = "-DNS_BLOCK_ASSERTIONS=1";
				SDKROOT = iphoneos;
				TARGETED_DEVICE_FAMILY = "1,2";
				VALIDATE_PRODUCT = YES;
			};
			name = Release;
		};
		9016ED19169D9132007BED9D /* Debug */ = {
			isa = XCBuildConfiguration;
			buildSettings = {
				GCC_PRECOMPILE_PREFIX_HEADER = YES;
				GCC_PREFIX_HEADER = "minesweeper/minesweeper-Prefix.pch";
				INFOPLIST_FILE = "minesweeper/minesweeper-Info.plist";
				PRODUCT_NAME = "$(TARGET_NAME)";
				WRAPPER_EXTENSION = app;
			};
			name = Debug;
		};
		9016ED1A169D9132007BED9D /* Release */ = {
			isa = XCBuildConfiguration;
			buildSettings = {
				GCC_PRECOMPILE_PREFIX_HEADER = YES;
				GCC_PREFIX_HEADER = "minesweeper/minesweeper-Prefix.pch";
				INFOPLIST_FILE = "minesweeper/minesweeper-Info.plist";
				PRODUCT_NAME = "$(TARGET_NAME)";
				WRAPPER_EXTENSION = app;
			};
			name = Release;
		};
/* End XCBuildConfiguration section */

/* Begin XCConfigurationList section */
		9016ECEB169D9132007BED9D /* Build configuration list for PBXProject "minesweeper" */ = {
			isa = XCConfigurationList;
			buildConfigurations = (
				9016ED16169D9132007BED9D /* Debug */,
				9016ED17169D9132007BED9D /* Release */,
			);
			defaultConfigurationIsVisible = 0;
			defaultConfigurationName = Release;
		};
		9016ED18169D9132007BED9D /* Build configuration list for PBXNativeTarget "minesweeper" */ = {
			isa = XCConfigurationList;
			buildConfigurations = (
				9016ED19169D9132007BED9D /* Debug */,
				9016ED1A169D9132007BED9D /* Release */,
			);
			defaultConfigurationIsVisible = 0;
			defaultConfigurationName = Release;
		};
/* End XCConfigurationList section */
	};
	rootObject = 9016ECE8169D9132007BED9D /* Project object */;
}
